{
  "dependencies": {
    "html-to-text": {
      "version": "http://registry.npmjs.org/html-to-text/-/html-to-text-0.1.0.tgz",
      "dependencies": {
        "htmlparser": {
          "version": "http://registry.npmjs.org/htmlparser/-/htmlparser-1.7.7.tgz"
        },
        "underscore": {
          "version": "http://registry.npmjs.org/underscore/-/underscore-1.7.0.tgz"
        },
        "underscore.string": {
          "version": "http://registry.npmjs.org/underscore.string/-/underscore.string-2.3.3.tgz"
        },
        "optimist": {
          "version": "http://registry.npmjs.org/optimist/-/optimist-0.6.1.tgz",
          "dependencies": {
            "wordwrap": {
              "version": "http://registry.npmjs.org/wordwrap/-/wordwrap-0.0.2.tgz"
            },
            "minimist": {
              "version": "http://registry.npmjs.org/minimist/-/minimist-0.0.10.tgz"
            }
          }
        }
      }
    },
    "later": {
      "version": "http://registry.npmjs.org/later/-/later-1.1.6.tgz"
    }
  }
}
