{
  "dependencies": {
    "html-to-text": {
      "version": "0.1.0",
      "dependencies": {
        "htmlparser": {
          "version": "1.7.7"
        },
        "underscore": {
          "version": "1.7.0"
        },
        "underscore.string": {
          "version": "2.3.3"
        },
        "optimist": {
          "version": "0.6.1",
          "dependencies": {
            "wordwrap": {
              "version": "0.0.2"
            },
            "minimist": {
              "version": "0.0.10"
            }
          }
        }
      }
    },
    "later": {
      "version": "1.1.6"
    }
  }
}
