{
  "meteor": {},
  "dependencies": {
    "basePackages": {
      "bootstrap3-datepicker": {}
    },
    "packages": {
      "bootstrap3-datepicker": {
        "git": "https://github.com/rajit/bootstrap3-datepicker.git",
        "tag": "v1.3.0-1",
        "commit": "d28f9193f294890eb8d49f5f3b24e2f2a628e1fa"
      }
    }
  }
}
