{
  "dependencies": {
    "formsy-react": {
      "version": "0.17.0",
      "dependencies": {
        "form-data-to-object": {
          "version": "0.1.0"
        }
      }
    },
    "formsy-react-components": {
      "version": "0.6.6",
      "dependencies": {
        "classnames": {
          "version": "2.2.3"
        }
      }
    },
    "react": {
      "version": "0.14.7",
      "dependencies": {
        "envify": {
          "version": "3.4.0",
          "dependencies": {
            "through": {
              "version": "2.3.8"
            },
            "jstransform": {
              "version": "10.1.0",
              "dependencies": {
                "base62": {
                  "version": "0.1.1"
                },
                "esprima-fb": {
                  "version": "13001.1001.0-dev-harmony-fb"
                },
                "source-map": {
                  "version": "0.1.31",
                  "dependencies": {
                    "amdefine": {
                      "version": "1.0.0"
                    }
                  }
                }
              }
            }
          }
        },
        "fbjs": {
          "version": "0.6.1",
          "dependencies": {
            "core-js": {
              "version": "1.2.6"
            },
            "loose-envify": {
              "version": "1.1.0",
              "dependencies": {
                "js-tokens": {
                  "version": "1.0.2"
                }
              }
            },
            "promise": {
              "version": "7.1.1",
              "dependencies": {
                "asap": {
                  "version": "2.0.3"
                }
              }
            },
            "ua-parser-js": {
              "version": "0.7.10"
            },
            "whatwg-fetch": {
              "version": "0.9.0"
            }
          }
        }
      }
    },
    "react-dom": {
      "version": "0.14.7"
    },
    "react-modal": {
      "version": "0.6.1",
      "dependencies": {
        "element-class": {
          "version": "0.2.2"
        },
        "exenv": {
          "version": "1.2.0"
        },
        "lodash.assign": {
          "version": "3.2.0",
          "dependencies": {
            "lodash._baseassign": {
              "version": "3.2.0",
              "dependencies": {
                "lodash._basecopy": {
                  "version": "3.0.1"
                }
              }
            },
            "lodash._createassigner": {
              "version": "3.1.1",
              "dependencies": {
                "lodash._bindcallback": {
                  "version": "3.0.1"
                },
                "lodash._isiterateecall": {
                  "version": "3.0.9"
                },
                "lodash.restparam": {
                  "version": "3.6.1"
                }
              }
            },
            "lodash.keys": {
              "version": "3.1.2",
              "dependencies": {
                "lodash._getnative": {
                  "version": "3.9.1"
                },
                "lodash.isarguments": {
                  "version": "3.0.7"
                },
                "lodash.isarray": {
                  "version": "3.0.4"
                }
              }
            }
          }
        }
      }
    }
  }
}
