{
  "dependencies": {
    "he": {
      "version": "http://registry.npmjs.org/he/-/he-0.5.0.tgz"
    },
    "htmlparser2": {
      "version": "http://registry.npmjs.org/htmlparser2/-/htmlparser2-3.8.2.tgz",
      "dependencies": {
        "domhandler": {
          "version": "http://registry.npmjs.org/domhandler/-/domhandler-2.3.0.tgz"
        },
        "domutils": {
          "version": "http://registry.npmjs.org/domutils/-/domutils-1.5.0.tgz"
        },
        "domelementtype": {
          "version": "http://registry.npmjs.org/domelementtype/-/domelementtype-1.1.3.tgz"
        },
        "readable-stream": {
          "version": "http://registry.npmjs.org/readable-stream/-/readable-stream-1.1.13.tgz",
          "dependencies": {
            "core-util-is": {
              "version": "http://registry.npmjs.org/core-util-is/-/core-util-is-1.0.1.tgz"
            },
            "isarray": {
              "version": "http://registry.npmjs.org/isarray/-/isarray-0.0.1.tgz"
            },
            "string_decoder": {
              "version": "http://registry.npmjs.org/string_decoder/-/string_decoder-0.10.31.tgz"
            },
            "inherits": {
              "version": "http://registry.npmjs.org/inherits/-/inherits-2.0.1.tgz"
            }
          }
        },
        "entities": {
          "version": "http://registry.npmjs.org/entities/-/entities-1.0.0.tgz"
        }
      }
    },
    "to-markdown": {
      "version": "http://registry.npmjs.org/to-markdown/-/to-markdown-0.0.2.tgz",
      "dependencies": {
        "he": {
          "version": "http://registry.npmjs.org/he/-/he-0.5.0.tgz"
        }
      }
    }
  }
}
