{
  "dependencies": {
    "fs-extra": {
      "version": "0.12.0",
      "dependencies": {
        "ncp": {
          "version": "0.6.0"
        },
        "mkdirp": {
          "version": "0.5.0",
          "dependencies": {
            "minimist": {
              "version": "0.0.8"
            }
          }
        },
        "jsonfile": {
          "version": "2.0.0"
        },
        "rimraf": {
          "version": "2.2.8"
        }
      }
    },
    "phantomjs": {
      "version": "1.9.12",
      "dependencies": {
        "adm-zip": {
          "version": "0.4.4"
        },
        "kew": {
          "version": "0.4.0"
        },
        "ncp": {
          "version": "1.0.1"
        },
        "npmconf": {
          "version": "2.0.9",
          "dependencies": {
            "config-chain": {
              "version": "1.1.8",
              "dependencies": {
                "proto-list": {
                  "version": "1.2.3"
                }
              }
            },
            "inherits": {
              "version": "2.0.1"
            },
            "ini": {
              "version": "1.3.0"
            },
            "nopt": {
              "version": "3.0.1",
              "dependencies": {
                "abbrev": {
                  "version": "1.0.5"
                }
              }
            },
            "once": {
              "version": "1.3.1",
              "dependencies": {
                "wrappy": {
                  "version": "1.0.1"
                }
              }
            },
            "osenv": {
              "version": "0.1.0"
            },
            "semver": {
              "version": "4.1.0"
            },
            "uid-number": {
              "version": "0.0.5"
            }
          }
        },
        "mkdirp": {
          "version": "0.5.0",
          "dependencies": {
            "minimist": {
              "version": "0.0.8"
            }
          }
        },
        "progress": {
          "version": "1.1.8"
        },
        "request": {
          "version": "2.42.0",
          "dependencies": {
            "bl": {
              "version": "0.9.3",
              "dependencies": {
                "readable-stream": {
                  "version": "1.0.33",
                  "dependencies": {
                    "core-util-is": {
                      "version": "1.0.1"
                    },
                    "isarray": {
                      "version": "0.0.1"
                    },
                    "string_decoder": {
                      "version": "0.10.31"
                    },
                    "inherits": {
                      "version": "2.0.1"
                    }
                  }
                }
              }
            },
            "caseless": {
              "version": "0.6.0"
            },
            "forever-agent": {
              "version": "0.5.2"
            },
            "qs": {
              "version": "1.2.2"
            },
            "json-stringify-safe": {
              "version": "5.0.0"
            },
            "mime-types": {
              "version": "1.0.2"
            },
            "node-uuid": {
              "version": "1.4.1"
            },
            "tunnel-agent": {
              "version": "0.4.0"
            },
            "tough-cookie": {
              "version": "0.12.1",
              "dependencies": {
                "punycode": {
                  "version": "1.3.2"
                }
              }
            },
            "form-data": {
              "version": "0.1.4",
              "dependencies": {
                "combined-stream": {
                  "version": "0.0.7",
                  "dependencies": {
                    "delayed-stream": {
                      "version": "0.0.5"
                    }
                  }
                },
                "mime": {
                  "version": "1.2.11"
                },
                "async": {
                  "version": "0.9.0"
                }
              }
            },
            "http-signature": {
              "version": "0.10.0",
              "dependencies": {
                "assert-plus": {
                  "version": "0.1.2"
                },
                "asn1": {
                  "version": "0.1.11"
                },
                "ctype": {
                  "version": "0.5.2"
                }
              }
            },
            "oauth-sign": {
              "version": "0.4.0"
            },
            "hawk": {
              "version": "1.1.1",
              "dependencies": {
                "hoek": {
                  "version": "0.9.1"
                },
                "boom": {
                  "version": "0.4.2"
                },
                "cryptiles": {
                  "version": "0.2.2"
                },
                "sntp": {
                  "version": "0.2.4"
                }
              }
            },
            "aws-sign2": {
              "version": "0.5.0"
            },
            "stringstream": {
              "version": "0.0.4"
            }
          }
        },
        "request-progress": {
          "version": "0.3.1",
          "dependencies": {
            "throttleit": {
              "version": "0.0.2"
            }
          }
        },
        "rimraf": {
          "version": "2.2.8"
        },
        "which": {
          "version": "1.0.5"
        }
      }
    },
    "webdriverio": {
      "version": "2.4.2",
      "dependencies": {
        "archiver": {
          "version": "0.6.1",
          "dependencies": {
            "readable-stream": {
              "version": "1.0.33",
              "dependencies": {
                "core-util-is": {
                  "version": "1.0.1"
                },
                "isarray": {
                  "version": "0.0.1"
                },
                "string_decoder": {
                  "version": "0.10.31"
                },
                "inherits": {
                  "version": "2.0.1"
                }
              }
            },
            "zip-stream": {
              "version": "0.2.3",
              "dependencies": {
                "lodash.defaults": {
                  "version": "2.4.1",
                  "dependencies": {
                    "lodash.keys": {
                      "version": "2.4.1",
                      "dependencies": {
                        "lodash._isnative": {
                          "version": "2.4.1"
                        },
                        "lodash.isobject": {
                          "version": "2.4.1"
                        },
                        "lodash._shimkeys": {
                          "version": "2.4.1"
                        }
                      }
                    },
                    "lodash._objecttypes": {
                      "version": "2.4.1"
                    }
                  }
                },
                "debug": {
                  "version": "0.7.4"
                }
              }
            },
            "lazystream": {
              "version": "0.1.0"
            },
            "file-utils": {
              "version": "0.1.5",
              "dependencies": {
                "lodash": {
                  "version": "2.1.0"
                },
                "iconv-lite": {
                  "version": "0.2.11"
                },
                "rimraf": {
                  "version": "2.2.8"
                },
                "glob": {
                  "version": "3.2.11",
                  "dependencies": {
                    "inherits": {
                      "version": "2.0.1"
                    },
                    "minimatch": {
                      "version": "0.3.0",
                      "dependencies": {
                        "lru-cache": {
                          "version": "2.5.0"
                        },
                        "sigmund": {
                          "version": "1.0.0"
                        }
                      }
                    }
                  }
                },
                "minimatch": {
                  "version": "0.2.14",
                  "dependencies": {
                    "lru-cache": {
                      "version": "2.5.0"
                    },
                    "sigmund": {
                      "version": "1.0.0"
                    }
                  }
                },
                "findup-sync": {
                  "version": "0.1.3",
                  "dependencies": {
                    "lodash": {
                      "version": "2.4.1"
                    }
                  }
                },
                "isbinaryfile": {
                  "version": "0.1.9"
                }
              }
            },
            "lodash": {
              "version": "2.4.1"
            }
          }
        },
        "async": {
          "version": "0.9.0"
        },
        "chainit": {
          "version": "2.1.1",
          "dependencies": {
            "queue": {
              "version": "1.0.2"
            }
          }
        },
        "css-parse": {
          "version": "1.7.0"
        },
        "css-value": {
          "version": "0.0.1"
        },
        "deepmerge": {
          "version": "0.2.7"
        },
        "pragma-singleton": {
          "version": "1.0.3"
        },
        "q": {
          "version": "1.1.2"
        },
        "request": {
          "version": "2.34.0",
          "dependencies": {
            "qs": {
              "version": "0.6.6"
            },
            "json-stringify-safe": {
              "version": "5.0.0"
            },
            "forever-agent": {
              "version": "0.5.2"
            },
            "node-uuid": {
              "version": "1.4.2"
            },
            "mime": {
              "version": "1.2.11"
            },
            "tough-cookie": {
              "version": "0.12.1",
              "dependencies": {
                "punycode": {
                  "version": "1.3.2"
                }
              }
            },
            "form-data": {
              "version": "0.1.4",
              "dependencies": {
                "combined-stream": {
                  "version": "0.0.7",
                  "dependencies": {
                    "delayed-stream": {
                      "version": "0.0.5"
                    }
                  }
                }
              }
            },
            "tunnel-agent": {
              "version": "0.3.0"
            },
            "http-signature": {
              "version": "0.10.1",
              "dependencies": {
                "assert-plus": {
                  "version": "0.1.5"
                },
                "asn1": {
                  "version": "0.1.11"
                },
                "ctype": {
                  "version": "0.5.3"
                }
              }
            },
            "oauth-sign": {
              "version": "0.3.0"
            },
            "hawk": {
              "version": "1.0.0",
              "dependencies": {
                "hoek": {
                  "version": "0.9.1"
                },
                "boom": {
                  "version": "0.4.2"
                },
                "cryptiles": {
                  "version": "0.2.2"
                },
                "sntp": {
                  "version": "0.2.4"
                }
              }
            },
            "aws-sign2": {
              "version": "0.5.0"
            }
          }
        },
        "rgb2hex": {
          "version": "0.1.0"
        },
        "url": {
          "version": "0.10.2",
          "dependencies": {
            "punycode": {
              "version": "1.3.2"
            }
          }
        },
        "wgxpath": {
          "version": "0.23.0"
        }
      }
    }
  }
}
